
Microsoft Visual Studio Solution File, Format Version 12.00
# Visual Studio Version 16
VisualStudioVersion = 16.0.810.13
MinimumVisualStudioVersion = 10.0.40219.1
Project("{FAE04EC0-301F-11D3-BF4B-00C04F79EFBC}") = "PASS3PirateGame", "PASS3PirateGame.csproj", "{91497296-7DCC-43B1-A246-806C371E849B}"
EndProject
Global
	GlobalSection(SolutionConfigurationPlatforms) = preSolution
		Debug|Any CPU = Debug|Any CPU
		Release|Any CPU = Release|Any CPU
	EndGlobalSection
	GlobalSection(ProjectConfigurationPlatforms) = postSolution
		{91497296-7DCC-43B1-A246-806C371E849B}.Debug|Any CPU.ActiveCfg = Debug|Any CPU
		{91497296-7DCC-43B1-A246-806C371E849B}.Debug|Any CPU.Build.0 = Debug|Any CPU
		{91497296-7DCC-43B1-A246-806C371E849B}.Release|Any CPU.ActiveCfg = Release|Any CPU
		{91497296-7DCC-43B1-A246-806C371E849B}.Release|Any CPU.Build.0 = Release|Any CPU
	EndGlobalSection
	GlobalSection(SolutionProperties) = preSolution
		HideSolutionNode = FALSE
	EndGlobalSection
	GlobalSection(ExtensibilityGlobals) = postSolution
		SolutionGuid = {FA9D975F-EF75-4576-AFB2-F12A26472077}
	EndGlobalSection
EndGlobal
